{
  "object": {
    "pins": [
      {
        "package": "ChineseAstrologyCalendar",
        "repositoryURL": "git@github.com:xiangyu-sun/ChineseAstrologyCalendar.git",
        "state": {
          "branch": "master",
          "revision": "47f024b78f56df5e5cc01b6a9dbdc8391211c382",
          "version": null
        }
      },
      {
        "package": "AirbnbSwift",
        "repositoryURL": "https://github.com/airbnb/swift",
        "state": {
          "branch": null,
          "revision": "07bb2e0822ca6e464bf3610ed452568931fdbf65",
          "version": "1.0.3"
        }
      },
      {
        "package": "swift-argument-parser",
        "repositoryURL": "https://github.com/apple/swift-argument-parser",
        "state": {
          "branch": null,
          "revision": "fddd1c00396eed152c45a46bea9f47b98e59301d",
          "version": "1.2.0"
        }
      }
    ]
  },
  "version": 1
}
