{
  "originHash" : "c2132b392e315330a670d0e62c6024ad7ed0876de676f33ce405152fd6c7d5e7",
  "pins" : [
    {
      "identity" : "astral",
      "kind" : "remoteSourceControl",
      "location" : "https://github.com/xiangyu-sun/Astral.git",
      "state" : {
        "revision" : "e9d873f744021db6f69a06877562ee0ed1091360",
        "version" : "1.2.0"
      }
    },
    {
      "identity" : "chineseastrologycalendar",
      "kind" : "remoteSourceControl",
      "location" : "https://github.com/xiangyu-sun/ChineseAstrologyCalendar.git",
      "state" : {
        "revision" : "97c6075f92d3e2476fc473bdd9b0926c22b4b72c",
        "version" : "3.2.0"
      }
    },
    {
      "identity" : "swift",
      "kind" : "remoteSourceControl",
      "location" : "https://github.com/airbnb/swift",
      "state" : {
        "revision" : "07bb2e0822ca6e464bf3610ed452568931fdbf65",
        "version" : "1.0.3"
      }
    },
    {
      "identity" : "swift-argument-parser",
      "kind" : "remoteSourceControl",
      "location" : "https://github.com/apple/swift-argument-parser",
      "state" : {
        "revision" : "fddd1c00396eed152c45a46bea9f47b98e59301d",
        "version" : "1.2.0"
      }
    },
    {
      "identity" : "swift-numerics",
      "kind" : "remoteSourceControl",
      "location" : "https://github.com/apple/swift-numerics",
      "state" : {
        "revision" : "0c0290ff6b24942dadb83a929ffaaa1481df04a2",
        "version" : "1.1.1"
      }
    }
  ],
  "version" : 3
}
